
Microsoft Visual Studio Solution File, Format Version 12.00
# Visual Studio Version 17
VisualStudioVersion = 17.11.35312.102
MinimumVisualStudioVersion = 10.0.40219.1
Project("{2150E333-8FDC-42A3-9474-1A3956D46DE8}") = "Src", "Src", "{EF21B62A-892D-4291-B62D-497E84889905}"
EndProject
Project("{2150E333-8FDC-42A3-9474-1A3956D46DE8}") = "Test", "Test", "{28F051A9-1E51-44FC-8EF8-2F01AABF3684}"
EndProject
Project("{2150E333-8FDC-42A3-9474-1A3956D46DE8}") = "Core", "Core", "{25C60D1A-B6B7-45C9-88C4-24034B97DAE0}"
EndProject
Project("{2150E333-8FDC-42A3-9474-1A3956D46DE8}") = "Infrastucture", "Infrastucture", "{38E37620-A010-427C-B94B-680AD68CC1D1}"
EndProject
Project("{2150E333-8FDC-42A3-9474-1A3956D46DE8}") = "Presentation", "Presentation", "{A0B7F3F3-7350-4050-A4AF-2820337F5BDB}"
EndProject
Project("{FAE04EC0-301F-11D3-BF4B-00C04F79EFBC}") = "Application", "Application\Application.csproj", "{C8983CEA-3CDF-4060-B664-DD08245F21DD}"
EndProject
Project("{FAE04EC0-301F-11D3-BF4B-00C04F79EFBC}") = "Domain", "Domain\Domain.csproj", "{881CFC02-A6F6-4B75-9327-95464E1FDD29}"
EndProject
Project("{2150E333-8FDC-42A3-9474-1A3956D46DE8}") = "NewFolder1", "NewFolder1", "{892331EF-DB68-456F-996E-FF1E66730CB0}"
EndProject
Project("{FAE04EC0-301F-11D3-BF4B-00C04F79EFBC}") = "Data.SqlServer", "Data.SqlServer\Data.SqlServer.csproj", "{E0D79A85-F950-4C23-B94A-CC424B677622}"
EndProject
Project("{FAE04EC0-301F-11D3-BF4B-00C04F79EFBC}") = "Repository", "Repository\Repository.csproj", "{1444C421-07FC-4234-8FD0-14717FBAC0A4}"
EndProject
Project("{FAE04EC0-301F-11D3-BF4B-00C04F79EFBC}") = "WebApp", "WebApp\WebApp.csproj", "{24598613-8479-4E67-B4DE-32AD0C423B5A}"
EndProject
Project("{FAE04EC0-301F-11D3-BF4B-00C04F79EFBC}") = "WebAPI", "WebAPI\WebAPI.csproj", "{35FA1661-1F5B-4A24-926A-A4E76D444EDE}"
EndProject
Global
	GlobalSection(SolutionConfigurationPlatforms) = preSolution
		Debug|Any CPU = Debug|Any CPU
		Release|Any CPU = Release|Any CPU
	EndGlobalSection
	GlobalSection(ProjectConfigurationPlatforms) = postSolution
		{C8983CEA-3CDF-4060-B664-DD08245F21DD}.Debug|Any CPU.ActiveCfg = Debug|Any CPU
		{C8983CEA-3CDF-4060-B664-DD08245F21DD}.Debug|Any CPU.Build.0 = Debug|Any CPU
		{C8983CEA-3CDF-4060-B664-DD08245F21DD}.Release|Any CPU.ActiveCfg = Release|Any CPU
		{C8983CEA-3CDF-4060-B664-DD08245F21DD}.Release|Any CPU.Build.0 = Release|Any CPU
		{881CFC02-A6F6-4B75-9327-95464E1FDD29}.Debug|Any CPU.ActiveCfg = Debug|Any CPU
		{881CFC02-A6F6-4B75-9327-95464E1FDD29}.Debug|Any CPU.Build.0 = Debug|Any CPU
		{881CFC02-A6F6-4B75-9327-95464E1FDD29}.Release|Any CPU.ActiveCfg = Release|Any CPU
		{881CFC02-A6F6-4B75-9327-95464E1FDD29}.Release|Any CPU.Build.0 = Release|Any CPU
		{E0D79A85-F950-4C23-B94A-CC424B677622}.Debug|Any CPU.ActiveCfg = Debug|Any CPU
		{E0D79A85-F950-4C23-B94A-CC424B677622}.Debug|Any CPU.Build.0 = Debug|Any CPU
		{E0D79A85-F950-4C23-B94A-CC424B677622}.Release|Any CPU.ActiveCfg = Release|Any CPU
		{E0D79A85-F950-4C23-B94A-CC424B677622}.Release|Any CPU.Build.0 = Release|Any CPU
		{1444C421-07FC-4234-8FD0-14717FBAC0A4}.Debug|Any CPU.ActiveCfg = Debug|Any CPU
		{1444C421-07FC-4234-8FD0-14717FBAC0A4}.Debug|Any CPU.Build.0 = Debug|Any CPU
		{1444C421-07FC-4234-8FD0-14717FBAC0A4}.Release|Any CPU.ActiveCfg = Release|Any CPU
		{1444C421-07FC-4234-8FD0-14717FBAC0A4}.Release|Any CPU.Build.0 = Release|Any CPU
		{24598613-8479-4E67-B4DE-32AD0C423B5A}.Debug|Any CPU.ActiveCfg = Debug|Any CPU
		{24598613-8479-4E67-B4DE-32AD0C423B5A}.Debug|Any CPU.Build.0 = Debug|Any CPU
		{24598613-8479-4E67-B4DE-32AD0C423B5A}.Release|Any CPU.ActiveCfg = Release|Any CPU
		{24598613-8479-4E67-B4DE-32AD0C423B5A}.Release|Any CPU.Build.0 = Release|Any CPU
		{35FA1661-1F5B-4A24-926A-A4E76D444EDE}.Debug|Any CPU.ActiveCfg = Debug|Any CPU
		{35FA1661-1F5B-4A24-926A-A4E76D444EDE}.Debug|Any CPU.Build.0 = Debug|Any CPU
		{35FA1661-1F5B-4A24-926A-A4E76D444EDE}.Release|Any CPU.ActiveCfg = Release|Any CPU
		{35FA1661-1F5B-4A24-926A-A4E76D444EDE}.Release|Any CPU.Build.0 = Release|Any CPU
	EndGlobalSection
	GlobalSection(SolutionProperties) = preSolution
		HideSolutionNode = FALSE
	EndGlobalSection
	GlobalSection(NestedProjects) = preSolution
		{25C60D1A-B6B7-45C9-88C4-24034B97DAE0} = {EF21B62A-892D-4291-B62D-497E84889905}
		{38E37620-A010-427C-B94B-680AD68CC1D1} = {EF21B62A-892D-4291-B62D-497E84889905}
		{A0B7F3F3-7350-4050-A4AF-2820337F5BDB} = {EF21B62A-892D-4291-B62D-497E84889905}
		{C8983CEA-3CDF-4060-B664-DD08245F21DD} = {25C60D1A-B6B7-45C9-88C4-24034B97DAE0}
		{881CFC02-A6F6-4B75-9327-95464E1FDD29} = {25C60D1A-B6B7-45C9-88C4-24034B97DAE0}
		{892331EF-DB68-456F-996E-FF1E66730CB0} = {EF21B62A-892D-4291-B62D-497E84889905}
		{E0D79A85-F950-4C23-B94A-CC424B677622} = {38E37620-A010-427C-B94B-680AD68CC1D1}
		{1444C421-07FC-4234-8FD0-14717FBAC0A4} = {38E37620-A010-427C-B94B-680AD68CC1D1}
		{24598613-8479-4E67-B4DE-32AD0C423B5A} = {A0B7F3F3-7350-4050-A4AF-2820337F5BDB}
		{35FA1661-1F5B-4A24-926A-A4E76D444EDE} = {A0B7F3F3-7350-4050-A4AF-2820337F5BDB}
	EndGlobalSection
	GlobalSection(ExtensibilityGlobals) = postSolution
		SolutionGuid = {62D7FBED-AB11-453D-B940-747D2267F05E}
	EndGlobalSection
EndGlobal
